
Microsoft Visual Studio Solution File, Format Version 12.00
# Visual Studio Version 17
VisualStudioVersion = 17.7.34009.444
MinimumVisualStudioVersion = 10.0.40219.1
Project("{FAE04EC0-301F-11D3-BF4B-00C04F79EFBC}") = "Metafar_Challenge", "Metafar_Challenge\Metafar_Challenge.csproj", "{35E3A611-68AA-44FF-B281-F7270AAB55A4}"
EndProject
Project("{FAE04EC0-301F-11D3-BF4B-00C04F79EFBC}") = "Metafar_App_Challenge", "Metafar_App_Challenge\Metafar_App_Challenge.csproj", "{0EB382EA-7BC7-4EA0-8A18-E3FD85A13B13}"
EndProject
Global
	GlobalSection(SolutionConfigurationPlatforms) = preSolution
		Debug|Any CPU = Debug|Any CPU
		Release|Any CPU = Release|Any CPU
	EndGlobalSection
	GlobalSection(ProjectConfigurationPlatforms) = postSolution
		{35E3A611-68AA-44FF-B281-F7270AAB55A4}.Debug|Any CPU.ActiveCfg = Debug|Any CPU
		{35E3A611-68AA-44FF-B281-F7270AAB55A4}.Debug|Any CPU.Build.0 = Debug|Any CPU
		{35E3A611-68AA-44FF-B281-F7270AAB55A4}.Release|Any CPU.ActiveCfg = Release|Any CPU
		{35E3A611-68AA-44FF-B281-F7270AAB55A4}.Release|Any CPU.Build.0 = Release|Any CPU
		{0EB382EA-7BC7-4EA0-8A18-E3FD85A13B13}.Debug|Any CPU.ActiveCfg = Debug|Any CPU
		{0EB382EA-7BC7-4EA0-8A18-E3FD85A13B13}.Debug|Any CPU.Build.0 = Debug|Any CPU
		{0EB382EA-7BC7-4EA0-8A18-E3FD85A13B13}.Release|Any CPU.ActiveCfg = Release|Any CPU
		{0EB382EA-7BC7-4EA0-8A18-E3FD85A13B13}.Release|Any CPU.Build.0 = Release|Any CPU
	EndGlobalSection
	GlobalSection(SolutionProperties) = preSolution
		HideSolutionNode = FALSE
	EndGlobalSection
	GlobalSection(ExtensibilityGlobals) = postSolution
		SolutionGuid = {3D8EF155-06BD-430F-B0BB-0E098D54A9C8}
	EndGlobalSection
EndGlobal
